
Microsoft Visual Studio Solution File, Format Version 12.00
# Visual Studio Version 17
VisualStudioVersion = 17.9.34714.143
MinimumVisualStudioVersion = 10.0.40219.1
Project("{FAE04EC0-301F-11D3-BF4B-00C04F79EFBC}") = "MiTienda.Domain", "MiTienda.Domain\MiTienda.Domain.csproj", "{8A8C6351-7188-4102-AF75-2141BACE2F83}"
EndProject
Project("{FAE04EC0-301F-11D3-BF4B-00C04F79EFBC}") = "MiTienda.Application", "MiTienda.Application\MiTienda.Application.csproj", "{9677C56A-4C54-4D90-BCEA-A3C75AABE81E}"
EndProject
Project("{FAE04EC0-301F-11D3-BF4B-00C04F79EFBC}") = "MiTienda.Infrastructure", "MiTienda.Infrastructure\MiTienda.Infrastructure.csproj", "{B2E9D00B-9A07-4462-9A0F-F83F72722523}"
EndProject
Project("{FAE04EC0-301F-11D3-BF4B-00C04F79EFBC}") = "MiTienda.Api", "MiTienda.Api\MiTienda.Api.csproj", "{CC6A0647-E928-4530-AA32-9FEB757C77C3}"
EndProject
Global
	GlobalSection(SolutionConfigurationPlatforms) = preSolution
		Debug|Any CPU = Debug|Any CPU
		Release|Any CPU = Release|Any CPU
	EndGlobalSection
	GlobalSection(ProjectConfigurationPlatforms) = postSolution
		{8A8C6351-7188-4102-AF75-2141BACE2F83}.Debug|Any CPU.ActiveCfg = Debug|Any CPU
		{8A8C6351-7188-4102-AF75-2141BACE2F83}.Debug|Any CPU.Build.0 = Debug|Any CPU
		{8A8C6351-7188-4102-AF75-2141BACE2F83}.Release|Any CPU.ActiveCfg = Release|Any CPU
		{8A8C6351-7188-4102-AF75-2141BACE2F83}.Release|Any CPU.Build.0 = Release|Any CPU
		{9677C56A-4C54-4D90-BCEA-A3C75AABE81E}.Debug|Any CPU.ActiveCfg = Debug|Any CPU
		{9677C56A-4C54-4D90-BCEA-A3C75AABE81E}.Debug|Any CPU.Build.0 = Debug|Any CPU
		{9677C56A-4C54-4D90-BCEA-A3C75AABE81E}.Release|Any CPU.ActiveCfg = Release|Any CPU
		{9677C56A-4C54-4D90-BCEA-A3C75AABE81E}.Release|Any CPU.Build.0 = Release|Any CPU
		{B2E9D00B-9A07-4462-9A0F-F83F72722523}.Debug|Any CPU.ActiveCfg = Debug|Any CPU
		{B2E9D00B-9A07-4462-9A0F-F83F72722523}.Debug|Any CPU.Build.0 = Debug|Any CPU
		{B2E9D00B-9A07-4462-9A0F-F83F72722523}.Release|Any CPU.ActiveCfg = Release|Any CPU
		{B2E9D00B-9A07-4462-9A0F-F83F72722523}.Release|Any CPU.Build.0 = Release|Any CPU
		{CC6A0647-E928-4530-AA32-9FEB757C77C3}.Debug|Any CPU.ActiveCfg = Debug|Any CPU
		{CC6A0647-E928-4530-AA32-9FEB757C77C3}.Debug|Any CPU.Build.0 = Debug|Any CPU
		{CC6A0647-E928-4530-AA32-9FEB757C77C3}.Release|Any CPU.ActiveCfg = Release|Any CPU
		{CC6A0647-E928-4530-AA32-9FEB757C77C3}.Release|Any CPU.Build.0 = Release|Any CPU
	EndGlobalSection
	GlobalSection(SolutionProperties) = preSolution
		HideSolutionNode = FALSE
	EndGlobalSection
	GlobalSection(ExtensibilityGlobals) = postSolution
		SolutionGuid = {F857A50B-4084-4AFE-B67B-A2C652AC7649}
	EndGlobalSection
EndGlobal
